
Microsoft Visual Studio Solution File, Format Version 12.00
# Visual Studio 15
VisualStudioVersion = 15.0.28010.2041
MinimumVisualStudioVersion = 10.0.40219.1
Project("{FAE04EC0-301F-11D3-BF4B-00C04F79EFBC}") = "StudentApp", "StudentApp\StudentApp.csproj", "{79BD3018-0F7D-4DBE-ABD3-F494DDEF8DEA}"
EndProject
Global
	GlobalSection(SolutionConfigurationPlatforms) = preSolution
		Debug|Any CPU = Debug|Any CPU
		Release|Any CPU = Release|Any CPU
	EndGlobalSection
	GlobalSection(ProjectConfigurationPlatforms) = postSolution
		{79BD3018-0F7D-4DBE-ABD3-F494DDEF8DEA}.Debug|Any CPU.ActiveCfg = Debug|Any CPU
		{79BD3018-0F7D-4DBE-ABD3-F494DDEF8DEA}.Debug|Any CPU.Build.0 = Debug|Any CPU
		{79BD3018-0F7D-4DBE-ABD3-F494DDEF8DEA}.Release|Any CPU.ActiveCfg = Release|Any CPU
		{79BD3018-0F7D-4DBE-ABD3-F494DDEF8DEA}.Release|Any CPU.Build.0 = Release|Any CPU
	EndGlobalSection
	GlobalSection(SolutionProperties) = preSolution
		HideSolutionNode = FALSE
	EndGlobalSection
	GlobalSection(ExtensibilityGlobals) = postSolution
		SolutionGuid = {DA6B2112-1C73-40B5-8E22-9E1DFC118B16}
	EndGlobalSection
EndGlobal
