
Microsoft Visual Studio Solution File, Format Version 12.00
# Visual Studio 15
VisualStudioVersion = 15.0.28010.2041
MinimumVisualStudioVersion = 10.0.40219.1
Project("{9A19103F-16F7-4668-BE54-9A1E7A4F7556}") = "PizzaConsApp", "PizzaConsApp\PizzaConsApp.csproj", "{5FB89089-6A83-4965-AA14-1E77BEAD8DFA}"
EndProject
Global
	GlobalSection(SolutionConfigurationPlatforms) = preSolution
		Debug|Any CPU = Debug|Any CPU
		Release|Any CPU = Release|Any CPU
	EndGlobalSection
	GlobalSection(ProjectConfigurationPlatforms) = postSolution
		{5FB89089-6A83-4965-AA14-1E77BEAD8DFA}.Debug|Any CPU.ActiveCfg = Debug|Any CPU
		{5FB89089-6A83-4965-AA14-1E77BEAD8DFA}.Debug|Any CPU.Build.0 = Debug|Any CPU
		{5FB89089-6A83-4965-AA14-1E77BEAD8DFA}.Release|Any CPU.ActiveCfg = Release|Any CPU
		{5FB89089-6A83-4965-AA14-1E77BEAD8DFA}.Release|Any CPU.Build.0 = Release|Any CPU
	EndGlobalSection
	GlobalSection(SolutionProperties) = preSolution
		HideSolutionNode = FALSE
	EndGlobalSection
	GlobalSection(ExtensibilityGlobals) = postSolution
		SolutionGuid = {D7BDA3FB-CD6C-4E56-9153-9C24BBE4FBDC}
	EndGlobalSection
EndGlobal
