
Microsoft Visual Studio Solution File, Format Version 12.00
# Visual Studio 15
VisualStudioVersion = 15.0.28010.2041
MinimumVisualStudioVersion = 10.0.40219.1
Project("{FAE04EC0-301F-11D3-BF4B-00C04F79EFBC}") = "TodoApp", "TodoApp\TodoApp.csproj", "{5AC10928-CE15-4A7F-9495-6CA95AA72D24}"
EndProject
Global
	GlobalSection(SolutionConfigurationPlatforms) = preSolution
		Debug|Any CPU = Debug|Any CPU
		Release|Any CPU = Release|Any CPU
	EndGlobalSection
	GlobalSection(ProjectConfigurationPlatforms) = postSolution
		{5AC10928-CE15-4A7F-9495-6CA95AA72D24}.Debug|Any CPU.ActiveCfg = Debug|Any CPU
		{5AC10928-CE15-4A7F-9495-6CA95AA72D24}.Debug|Any CPU.Build.0 = Debug|Any CPU
		{5AC10928-CE15-4A7F-9495-6CA95AA72D24}.Release|Any CPU.ActiveCfg = Release|Any CPU
		{5AC10928-CE15-4A7F-9495-6CA95AA72D24}.Release|Any CPU.Build.0 = Release|Any CPU
	EndGlobalSection
	GlobalSection(SolutionProperties) = preSolution
		HideSolutionNode = FALSE
	EndGlobalSection
	GlobalSection(ExtensibilityGlobals) = postSolution
		SolutionGuid = {E1B548E5-9666-4E91-900B-33788116079C}
	EndGlobalSection
EndGlobal
