
Microsoft Visual Studio Solution File, Format Version 12.00
# Visual Studio 15
VisualStudioVersion = 15.0.28010.2041
MinimumVisualStudioVersion = 10.0.40219.1
Project("{FAE04EC0-301F-11D3-BF4B-00C04F79EFBC}") = "EntityFramework", "EntityFramework\EntityFramework.csproj", "{19BA11E4-A6C6-46AA-B2CB-43475A332668}"
EndProject
Global
	GlobalSection(SolutionConfigurationPlatforms) = preSolution
		Debug|Any CPU = Debug|Any CPU
		Release|Any CPU = Release|Any CPU
	EndGlobalSection
	GlobalSection(ProjectConfigurationPlatforms) = postSolution
		{19BA11E4-A6C6-46AA-B2CB-43475A332668}.Debug|Any CPU.ActiveCfg = Debug|Any CPU
		{19BA11E4-A6C6-46AA-B2CB-43475A332668}.Debug|Any CPU.Build.0 = Debug|Any CPU
		{19BA11E4-A6C6-46AA-B2CB-43475A332668}.Release|Any CPU.ActiveCfg = Release|Any CPU
		{19BA11E4-A6C6-46AA-B2CB-43475A332668}.Release|Any CPU.Build.0 = Release|Any CPU
	EndGlobalSection
	GlobalSection(SolutionProperties) = preSolution
		HideSolutionNode = FALSE
	EndGlobalSection
	GlobalSection(ExtensibilityGlobals) = postSolution
		SolutionGuid = {6F123C0E-66D6-41B3-AF9C-223D80503503}
	EndGlobalSection
EndGlobal
